%{"bbmustache": {:hex, :bbmustache, "1.0.4", "7ba94f971c5afd7b6617918a4bb74705e36cab36eb84b19b6a1b7ee06427aa38", [:rebar], []},
  "cf": {:hex, :cf, "0.2.2", "7f2913fff90abcabd0f489896cfeb0b0674f6c8df6c10b17a83175448029896c", [:rebar3], []},
  "earmark": {:hex, :earmark, "1.0.3", "89bdbaf2aca8bbb5c97d8b3b55c5dd0cff517ecc78d417e87f1d0982e514557b", [:mix], []},
  "erlware_commons": {:hex, :erlware_commons, "0.22.0", "051bed79a34e66678c1cbeebc7b66360c827d081a0c5e2528878011e31ddcdca", [:rebar3], [{:cf, "0.2.2", [hex: :cf, optional: false]}]},
  "ex_doc": {:hex, :ex_doc, "0.14.4", "a0a79a6896075814f4bc6802b74ccbed6549f47cc5ab34c71eaee2303170b8ef", [:mix], [{:earmark, "~> 1.0", [hex: :earmark, optional: false]}]},
  "exrm": {:hex, :exrm, "1.0.8", "5aa8990cdfe300282828b02cefdc339e235f7916388ce99f9a1f926a9271a45d", [:mix], [{:relx, "~> 3.5", [hex: :relx, optional: false]}]},
  "getopt": {:hex, :getopt, "0.8.2", "b17556db683000ba50370b16c0619df1337e7af7ecbf7d64fbf8d1d6bce3109b", [:rebar], []},
  "providers": {:hex, :providers, "1.6.0", "db0e2f9043ae60c0155205fcd238d68516331d0e5146155e33d1e79dc452964a", [:rebar3], [{:getopt, "0.8.2", [hex: :getopt, optional: false]}]},
  "relx": {:hex, :relx, "3.22.0", "ff7e2b5924b754a63ba1a46ba8c1901a2d6ae1418982e189cfed5937dace18da", [:rebar3], [{:bbmustache, "1.0.4", [hex: :bbmustache, optional: false]}, {:cf, "0.2.2", [hex: :cf, optional: false]}, {:erlware_commons, "0.22.0", [hex: :erlware_commons, optional: false]}, {:getopt, "0.8.2", [hex: :getopt, optional: false]}, {:providers, "1.6.0", [hex: :providers, optional: false]}]}}
